
Microsoft Visual Studio Solution File, Format Version 12.00
# Visual Studio Version 17
VisualStudioVersion = 17.7.34031.279
MinimumVisualStudioVersion = 10.0.40219.1
Project("{FAE04EC0-301F-11D3-BF4B-00C04F79EFBC}") = "lab3", "lab3.csproj", "{EAB88A6C-4B92-4313-928F-4A76FD931808}"
EndProject
Global
	GlobalSection(SolutionConfigurationPlatforms) = preSolution
		Debug|Any CPU = Debug|Any CPU
		Release|Any CPU = Release|Any CPU
	EndGlobalSection
	GlobalSection(ProjectConfigurationPlatforms) = postSolution
		{EAB88A6C-4B92-4313-928F-4A76FD931808}.Debug|Any CPU.ActiveCfg = Debug|Any CPU
		{EAB88A6C-4B92-4313-928F-4A76FD931808}.Debug|Any CPU.Build.0 = Debug|Any CPU
		{EAB88A6C-4B92-4313-928F-4A76FD931808}.Release|Any CPU.ActiveCfg = Release|Any CPU
		{EAB88A6C-4B92-4313-928F-4A76FD931808}.Release|Any CPU.Build.0 = Release|Any CPU
	EndGlobalSection
	GlobalSection(SolutionProperties) = preSolution
		HideSolutionNode = FALSE
	EndGlobalSection
	GlobalSection(ExtensibilityGlobals) = postSolution
		SolutionGuid = {08215476-0CE0-4056-892D-D6E91E74C100}
	EndGlobalSection
EndGlobal
